
Microsoft Visual Studio Solution File, Format Version 12.00
# Visual Studio Version 16
VisualStudioVersion = 16.0.33927.289
MinimumVisualStudioVersion = 10.0.40219.1
Project("{FAE04EC0-301F-11D3-BF4B-00C04F79EFBC}") = "WebApplication1", "WebApplication1\WebApplication1.csproj", "{11AF21ED-C2F6-42B0-B2E4-B99DC263499F}"
EndProject
Project("{FAE04EC0-301F-11D3-BF4B-00C04F79EFBC}") = "Webform", "Webform\Webform.csproj", "{4DFC3BFE-AE46-46CD-84E2-F100884D6928}"
EndProject
Project("{FAE04EC0-301F-11D3-BF4B-00C04F79EFBC}") = "ConsoleApp1", "ConsoleApp1\ConsoleApp1.csproj", "{670DEBFE-55C4-4713-9C71-5560C348F012}"
EndProject
Project("{FAE04EC0-301F-11D3-BF4B-00C04F79EFBC}") = "Reverse string", "Reverse string\Reverse string.csproj", "{9F6EF4EA-D869-4ADF-A0BE-5CD6AC53F0FE}"
EndProject
Project("{FAE04EC0-301F-11D3-BF4B-00C04F79EFBC}") = "Fibonacci Sequence", "Fibonacci Sequence\Fibonacci Sequence.csproj", "{49B17EC8-37B6-4F81-A5D1-ECE3AB081FA7}"
EndProject
Project("{FAE04EC0-301F-11D3-BF4B-00C04F79EFBC}") = "Star Pyramid", "Star Pyramid\Star Pyramid.csproj", "{B379D1D2-7166-4AFA-80A1-E3B85EDA725B}"
EndProject
Project("{FAE04EC0-301F-11D3-BF4B-00C04F79EFBC}") = "Factorial", "Factorial\Factorial.csproj", "{EE1A9D07-0FC2-470D-BE04-35EA3622F644}"
EndProject
Project("{FAE04EC0-301F-11D3-BF4B-00C04F79EFBC}") = "Prime number", "Prime number\Prime number.csproj", "{A6315EF5-61A4-4EB6-ABD2-E8B0424FC604}"
EndProject
Project("{FAE04EC0-301F-11D3-BF4B-00C04F79EFBC}") = "Ascending order", "Ascending order\Ascending order.csproj", "{5E601949-9B7E-4146-A6B2-797A75EEB8C2}"
EndProject
Project("{FAE04EC0-301F-11D3-BF4B-00C04F79EFBC}") = "Duplicate", "Duplicate\Duplicate.csproj", "{3767CF96-9083-47CC-94B1-D9915168D044}"
EndProject
Project("{FAE04EC0-301F-11D3-BF4B-00C04F79EFBC}") = "DuplicateDblForLoop", "DuplicateDblForLoop\DuplicateDblForLoop.csproj", "{1DD57771-E625-46F1-A9E0-1D40668D4AFB}"
EndProject
Project("{FAE04EC0-301F-11D3-BF4B-00C04F79EFBC}") = "DuplicateLINQ", "DuplicateLINQ\DuplicateLINQ.csproj", "{5B95B5EB-8514-4406-9B3A-57C89A7A6014}"
EndProject
Project("{FAE04EC0-301F-11D3-BF4B-00C04F79EFBC}") = "Multiply", "Multiply\Multiply.csproj", "{BE3AA217-306B-4DFC-8834-08D89528916F}"
EndProject
Project("{FAE04EC0-301F-11D3-BF4B-00C04F79EFBC}") = "SwappingVariable", "SwappingVariable\SwappingVariable.csproj", "{966335AF-4A27-4025-B849-8ADEC256A292}"
EndProject
Project("{FAE04EC0-301F-11D3-BF4B-00C04F79EFBC}") = "Number Pattern", "Number Pattern\Number Pattern.csproj", "{B6BE302C-AF46-4C14-88B7-565936E3E5D9}"
EndProject
Project("{FAE04EC0-301F-11D3-BF4B-00C04F79EFBC}") = "RemoveDuplicate", "RemoveDuplicate\RemoveDuplicate.csproj", "{573D86F2-B32F-4DAC-B128-FFACB682FA17}"
EndProject
Project("{FAE04EC0-301F-11D3-BF4B-00C04F79EFBC}") = "RemoveDuplicateLinq", "RemoveDuplicateLinq\RemoveDuplicateLinq.csproj", "{160A91B6-EF6F-4320-B55D-81F33A77AE3D}"
EndProject
Project("{FAE04EC0-301F-11D3-BF4B-00C04F79EFBC}") = "WebformApp", "WebformApp\WebformApp.csproj", "{27773D74-6F57-44EF-B5A2-6D92A0CA6EDC}"
EndProject
Project("{FAE04EC0-301F-11D3-BF4B-00C04F79EFBC}") = "CharCount", "CharCount\CharCount.csproj", "{8A58899F-06FD-403A-9230-11EDEAC68938}"
EndProject
Global
	GlobalSection(SolutionConfigurationPlatforms) = preSolution
		Debug|Any CPU = Debug|Any CPU
		Release|Any CPU = Release|Any CPU
	EndGlobalSection
	GlobalSection(ProjectConfigurationPlatforms) = postSolution
		{11AF21ED-C2F6-42B0-B2E4-B99DC263499F}.Debug|Any CPU.ActiveCfg = Debug|Any CPU
		{11AF21ED-C2F6-42B0-B2E4-B99DC263499F}.Debug|Any CPU.Build.0 = Debug|Any CPU
		{11AF21ED-C2F6-42B0-B2E4-B99DC263499F}.Release|Any CPU.ActiveCfg = Release|Any CPU
		{11AF21ED-C2F6-42B0-B2E4-B99DC263499F}.Release|Any CPU.Build.0 = Release|Any CPU
		{4DFC3BFE-AE46-46CD-84E2-F100884D6928}.Debug|Any CPU.ActiveCfg = Debug|Any CPU
		{4DFC3BFE-AE46-46CD-84E2-F100884D6928}.Debug|Any CPU.Build.0 = Debug|Any CPU
		{4DFC3BFE-AE46-46CD-84E2-F100884D6928}.Release|Any CPU.ActiveCfg = Release|Any CPU
		{4DFC3BFE-AE46-46CD-84E2-F100884D6928}.Release|Any CPU.Build.0 = Release|Any CPU
		{670DEBFE-55C4-4713-9C71-5560C348F012}.Debug|Any CPU.ActiveCfg = Debug|Any CPU
		{670DEBFE-55C4-4713-9C71-5560C348F012}.Debug|Any CPU.Build.0 = Debug|Any CPU
		{670DEBFE-55C4-4713-9C71-5560C348F012}.Release|Any CPU.ActiveCfg = Release|Any CPU
		{670DEBFE-55C4-4713-9C71-5560C348F012}.Release|Any CPU.Build.0 = Release|Any CPU
		{9F6EF4EA-D869-4ADF-A0BE-5CD6AC53F0FE}.Debug|Any CPU.ActiveCfg = Debug|Any CPU
		{9F6EF4EA-D869-4ADF-A0BE-5CD6AC53F0FE}.Debug|Any CPU.Build.0 = Debug|Any CPU
		{9F6EF4EA-D869-4ADF-A0BE-5CD6AC53F0FE}.Release|Any CPU.ActiveCfg = Release|Any CPU
		{9F6EF4EA-D869-4ADF-A0BE-5CD6AC53F0FE}.Release|Any CPU.Build.0 = Release|Any CPU
		{49B17EC8-37B6-4F81-A5D1-ECE3AB081FA7}.Debug|Any CPU.ActiveCfg = Debug|Any CPU
		{49B17EC8-37B6-4F81-A5D1-ECE3AB081FA7}.Debug|Any CPU.Build.0 = Debug|Any CPU
		{49B17EC8-37B6-4F81-A5D1-ECE3AB081FA7}.Release|Any CPU.ActiveCfg = Release|Any CPU
		{49B17EC8-37B6-4F81-A5D1-ECE3AB081FA7}.Release|Any CPU.Build.0 = Release|Any CPU
		{B379D1D2-7166-4AFA-80A1-E3B85EDA725B}.Debug|Any CPU.ActiveCfg = Debug|Any CPU
		{B379D1D2-7166-4AFA-80A1-E3B85EDA725B}.Debug|Any CPU.Build.0 = Debug|Any CPU
		{B379D1D2-7166-4AFA-80A1-E3B85EDA725B}.Release|Any CPU.ActiveCfg = Release|Any CPU
		{B379D1D2-7166-4AFA-80A1-E3B85EDA725B}.Release|Any CPU.Build.0 = Release|Any CPU
		{EE1A9D07-0FC2-470D-BE04-35EA3622F644}.Debug|Any CPU.ActiveCfg = Debug|Any CPU
		{EE1A9D07-0FC2-470D-BE04-35EA3622F644}.Debug|Any CPU.Build.0 = Debug|Any CPU
		{EE1A9D07-0FC2-470D-BE04-35EA3622F644}.Release|Any CPU.ActiveCfg = Release|Any CPU
		{EE1A9D07-0FC2-470D-BE04-35EA3622F644}.Release|Any CPU.Build.0 = Release|Any CPU
		{A6315EF5-61A4-4EB6-ABD2-E8B0424FC604}.Debug|Any CPU.ActiveCfg = Debug|Any CPU
		{A6315EF5-61A4-4EB6-ABD2-E8B0424FC604}.Debug|Any CPU.Build.0 = Debug|Any CPU
		{A6315EF5-61A4-4EB6-ABD2-E8B0424FC604}.Release|Any CPU.ActiveCfg = Release|Any CPU
		{A6315EF5-61A4-4EB6-ABD2-E8B0424FC604}.Release|Any CPU.Build.0 = Release|Any CPU
		{5E601949-9B7E-4146-A6B2-797A75EEB8C2}.Debug|Any CPU.ActiveCfg = Debug|Any CPU
		{5E601949-9B7E-4146-A6B2-797A75EEB8C2}.Debug|Any CPU.Build.0 = Debug|Any CPU
		{5E601949-9B7E-4146-A6B2-797A75EEB8C2}.Release|Any CPU.ActiveCfg = Release|Any CPU
		{5E601949-9B7E-4146-A6B2-797A75EEB8C2}.Release|Any CPU.Build.0 = Release|Any CPU
		{3767CF96-9083-47CC-94B1-D9915168D044}.Debug|Any CPU.ActiveCfg = Debug|Any CPU
		{3767CF96-9083-47CC-94B1-D9915168D044}.Debug|Any CPU.Build.0 = Debug|Any CPU
		{3767CF96-9083-47CC-94B1-D9915168D044}.Release|Any CPU.ActiveCfg = Release|Any CPU
		{3767CF96-9083-47CC-94B1-D9915168D044}.Release|Any CPU.Build.0 = Release|Any CPU
		{1DD57771-E625-46F1-A9E0-1D40668D4AFB}.Debug|Any CPU.ActiveCfg = Debug|Any CPU
		{1DD57771-E625-46F1-A9E0-1D40668D4AFB}.Debug|Any CPU.Build.0 = Debug|Any CPU
		{1DD57771-E625-46F1-A9E0-1D40668D4AFB}.Release|Any CPU.ActiveCfg = Release|Any CPU
		{1DD57771-E625-46F1-A9E0-1D40668D4AFB}.Release|Any CPU.Build.0 = Release|Any CPU
		{5B95B5EB-8514-4406-9B3A-57C89A7A6014}.Debug|Any CPU.ActiveCfg = Debug|Any CPU
		{5B95B5EB-8514-4406-9B3A-57C89A7A6014}.Debug|Any CPU.Build.0 = Debug|Any CPU
		{5B95B5EB-8514-4406-9B3A-57C89A7A6014}.Release|Any CPU.ActiveCfg = Release|Any CPU
		{5B95B5EB-8514-4406-9B3A-57C89A7A6014}.Release|Any CPU.Build.0 = Release|Any CPU
		{BE3AA217-306B-4DFC-8834-08D89528916F}.Debug|Any CPU.ActiveCfg = Debug|Any CPU
		{BE3AA217-306B-4DFC-8834-08D89528916F}.Debug|Any CPU.Build.0 = Debug|Any CPU
		{BE3AA217-306B-4DFC-8834-08D89528916F}.Release|Any CPU.ActiveCfg = Release|Any CPU
		{BE3AA217-306B-4DFC-8834-08D89528916F}.Release|Any CPU.Build.0 = Release|Any CPU
		{966335AF-4A27-4025-B849-8ADEC256A292}.Debug|Any CPU.ActiveCfg = Debug|Any CPU
		{966335AF-4A27-4025-B849-8ADEC256A292}.Debug|Any CPU.Build.0 = Debug|Any CPU
		{966335AF-4A27-4025-B849-8ADEC256A292}.Release|Any CPU.ActiveCfg = Release|Any CPU
		{966335AF-4A27-4025-B849-8ADEC256A292}.Release|Any CPU.Build.0 = Release|Any CPU
		{B6BE302C-AF46-4C14-88B7-565936E3E5D9}.Debug|Any CPU.ActiveCfg = Debug|Any CPU
		{B6BE302C-AF46-4C14-88B7-565936E3E5D9}.Debug|Any CPU.Build.0 = Debug|Any CPU
		{B6BE302C-AF46-4C14-88B7-565936E3E5D9}.Release|Any CPU.ActiveCfg = Release|Any CPU
		{B6BE302C-AF46-4C14-88B7-565936E3E5D9}.Release|Any CPU.Build.0 = Release|Any CPU
		{573D86F2-B32F-4DAC-B128-FFACB682FA17}.Debug|Any CPU.ActiveCfg = Debug|Any CPU
		{573D86F2-B32F-4DAC-B128-FFACB682FA17}.Debug|Any CPU.Build.0 = Debug|Any CPU
		{573D86F2-B32F-4DAC-B128-FFACB682FA17}.Release|Any CPU.ActiveCfg = Release|Any CPU
		{573D86F2-B32F-4DAC-B128-FFACB682FA17}.Release|Any CPU.Build.0 = Release|Any CPU
		{160A91B6-EF6F-4320-B55D-81F33A77AE3D}.Debug|Any CPU.ActiveCfg = Debug|Any CPU
		{160A91B6-EF6F-4320-B55D-81F33A77AE3D}.Debug|Any CPU.Build.0 = Debug|Any CPU
		{160A91B6-EF6F-4320-B55D-81F33A77AE3D}.Release|Any CPU.ActiveCfg = Release|Any CPU
		{160A91B6-EF6F-4320-B55D-81F33A77AE3D}.Release|Any CPU.Build.0 = Release|Any CPU
		{27773D74-6F57-44EF-B5A2-6D92A0CA6EDC}.Debug|Any CPU.ActiveCfg = Debug|Any CPU
		{27773D74-6F57-44EF-B5A2-6D92A0CA6EDC}.Debug|Any CPU.Build.0 = Debug|Any CPU
		{27773D74-6F57-44EF-B5A2-6D92A0CA6EDC}.Release|Any CPU.ActiveCfg = Release|Any CPU
		{27773D74-6F57-44EF-B5A2-6D92A0CA6EDC}.Release|Any CPU.Build.0 = Release|Any CPU
		{8A58899F-06FD-403A-9230-11EDEAC68938}.Debug|Any CPU.ActiveCfg = Debug|Any CPU
		{8A58899F-06FD-403A-9230-11EDEAC68938}.Debug|Any CPU.Build.0 = Debug|Any CPU
		{8A58899F-06FD-403A-9230-11EDEAC68938}.Release|Any CPU.ActiveCfg = Release|Any CPU
		{8A58899F-06FD-403A-9230-11EDEAC68938}.Release|Any CPU.Build.0 = Release|Any CPU
	EndGlobalSection
	GlobalSection(SolutionProperties) = preSolution
		HideSolutionNode = FALSE
	EndGlobalSection
	GlobalSection(ExtensibilityGlobals) = postSolution
		SolutionGuid = {03782811-361A-4448-81D1-57BFC3815355}
	EndGlobalSection
EndGlobal
