
Microsoft Visual Studio Solution File, Format Version 12.00
# Visual Studio Version 16
VisualStudioVersion = 16.0.33927.289
MinimumVisualStudioVersion = 10.0.40219.1
Project("{FAE04EC0-301F-11D3-BF4B-00C04F79EFBC}") = "WebApplication1", "WebApplication1\WebApplication1.csproj", "{11AF21ED-C2F6-42B0-B2E4-B99DC263499F}"
EndProject
Project("{FAE04EC0-301F-11D3-BF4B-00C04F79EFBC}") = "Webform", "Webform\Webform.csproj", "{4DFC3BFE-AE46-46CD-84E2-F100884D6928}"
EndProject
Project("{FAE04EC0-301F-11D3-BF4B-00C04F79EFBC}") = "ConsoleApp1", "ConsoleApp1\ConsoleApp1.csproj", "{670DEBFE-55C4-4713-9C71-5560C348F012}"
EndProject
Project("{FAE04EC0-301F-11D3-BF4B-00C04F79EFBC}") = "Reverse string", "Reverse string\Reverse string.csproj", "{9F6EF4EA-D869-4ADF-A0BE-5CD6AC53F0FE}"
EndProject
Project("{FAE04EC0-301F-11D3-BF4B-00C04F79EFBC}") = "Fibonacci Sequence", "Fibonacci Sequence\Fibonacci Sequence.csproj", "{49B17EC8-37B6-4F81-A5D1-ECE3AB081FA7}"
EndProject
Project("{FAE04EC0-301F-11D3-BF4B-00C04F79EFBC}") = "Star Pyramid", "Star Pyramid\Star Pyramid.csproj", "{B379D1D2-7166-4AFA-80A1-E3B85EDA725B}"
EndProject
Project("{FAE04EC0-301F-11D3-BF4B-00C04F79EFBC}") = "Factorial", "Factorial\Factorial.csproj", "{EE1A9D07-0FC2-470D-BE04-35EA3622F644}"
EndProject
Project("{FAE04EC0-301F-11D3-BF4B-00C04F79EFBC}") = "Prime number", "Prime number\Prime number.csproj", "{A6315EF5-61A4-4EB6-ABD2-E8B0424FC604}"
EndProject
Project("{FAE04EC0-301F-11D3-BF4B-00C04F79EFBC}") = "Ascending order", "Ascending order\Ascending order.csproj", "{5E601949-9B7E-4146-A6B2-797A75EEB8C2}"
EndProject
Project("{FAE04EC0-301F-11D3-BF4B-00C04F79EFBC}") = "Duplicate", "Duplicate\Duplicate.csproj", "{3767CF96-9083-47CC-94B1-D9915168D044}"
EndProject
Global
	GlobalSection(SolutionConfigurationPlatforms) = preSolution
		Debug|Any CPU = Debug|Any CPU
		Release|Any CPU = Release|Any CPU
	EndGlobalSection
	GlobalSection(ProjectConfigurationPlatforms) = postSolution
		{11AF21ED-C2F6-42B0-B2E4-B99DC263499F}.Debug|Any CPU.ActiveCfg = Debug|Any CPU
		{11AF21ED-C2F6-42B0-B2E4-B99DC263499F}.Debug|Any CPU.Build.0 = Debug|Any CPU
		{11AF21ED-C2F6-42B0-B2E4-B99DC263499F}.Release|Any CPU.ActiveCfg = Release|Any CPU
		{11AF21ED-C2F6-42B0-B2E4-B99DC263499F}.Release|Any CPU.Build.0 = Release|Any CPU
		{4DFC3BFE-AE46-46CD-84E2-F100884D6928}.Debug|Any CPU.ActiveCfg = Debug|Any CPU
		{4DFC3BFE-AE46-46CD-84E2-F100884D6928}.Debug|Any CPU.Build.0 = Debug|Any CPU
		{4DFC3BFE-AE46-46CD-84E2-F100884D6928}.Release|Any CPU.ActiveCfg = Release|Any CPU
		{4DFC3BFE-AE46-46CD-84E2-F100884D6928}.Release|Any CPU.Build.0 = Release|Any CPU
		{670DEBFE-55C4-4713-9C71-5560C348F012}.Debug|Any CPU.ActiveCfg = Debug|Any CPU
		{670DEBFE-55C4-4713-9C71-5560C348F012}.Debug|Any CPU.Build.0 = Debug|Any CPU
		{670DEBFE-55C4-4713-9C71-5560C348F012}.Release|Any CPU.ActiveCfg = Release|Any CPU
		{670DEBFE-55C4-4713-9C71-5560C348F012}.Release|Any CPU.Build.0 = Release|Any CPU
		{9F6EF4EA-D869-4ADF-A0BE-5CD6AC53F0FE}.Debug|Any CPU.ActiveCfg = Debug|Any CPU
		{9F6EF4EA-D869-4ADF-A0BE-5CD6AC53F0FE}.Debug|Any CPU.Build.0 = Debug|Any CPU
		{9F6EF4EA-D869-4ADF-A0BE-5CD6AC53F0FE}.Release|Any CPU.ActiveCfg = Release|Any CPU
		{9F6EF4EA-D869-4ADF-A0BE-5CD6AC53F0FE}.Release|Any CPU.Build.0 = Release|Any CPU
		{49B17EC8-37B6-4F81-A5D1-ECE3AB081FA7}.Debug|Any CPU.ActiveCfg = Debug|Any CPU
		{49B17EC8-37B6-4F81-A5D1-ECE3AB081FA7}.Debug|Any CPU.Build.0 = Debug|Any CPU
		{49B17EC8-37B6-4F81-A5D1-ECE3AB081FA7}.Release|Any CPU.ActiveCfg = Release|Any CPU
		{49B17EC8-37B6-4F81-A5D1-ECE3AB081FA7}.Release|Any CPU.Build.0 = Release|Any CPU
		{B379D1D2-7166-4AFA-80A1-E3B85EDA725B}.Debug|Any CPU.ActiveCfg = Debug|Any CPU
		{B379D1D2-7166-4AFA-80A1-E3B85EDA725B}.Debug|Any CPU.Build.0 = Debug|Any CPU
		{B379D1D2-7166-4AFA-80A1-E3B85EDA725B}.Release|Any CPU.ActiveCfg = Release|Any CPU
		{B379D1D2-7166-4AFA-80A1-E3B85EDA725B}.Release|Any CPU.Build.0 = Release|Any CPU
		{EE1A9D07-0FC2-470D-BE04-35EA3622F644}.Debug|Any CPU.ActiveCfg = Debug|Any CPU
		{EE1A9D07-0FC2-470D-BE04-35EA3622F644}.Debug|Any CPU.Build.0 = Debug|Any CPU
		{EE1A9D07-0FC2-470D-BE04-35EA3622F644}.Release|Any CPU.ActiveCfg = Release|Any CPU
		{EE1A9D07-0FC2-470D-BE04-35EA3622F644}.Release|Any CPU.Build.0 = Release|Any CPU
		{A6315EF5-61A4-4EB6-ABD2-E8B0424FC604}.Debug|Any CPU.ActiveCfg = Debug|Any CPU
		{A6315EF5-61A4-4EB6-ABD2-E8B0424FC604}.Debug|Any CPU.Build.0 = Debug|Any CPU
		{A6315EF5-61A4-4EB6-ABD2-E8B0424FC604}.Release|Any CPU.ActiveCfg = Release|Any CPU
		{A6315EF5-61A4-4EB6-ABD2-E8B0424FC604}.Release|Any CPU.Build.0 = Release|Any CPU
		{5E601949-9B7E-4146-A6B2-797A75EEB8C2}.Debug|Any CPU.ActiveCfg = Debug|Any CPU
		{5E601949-9B7E-4146-A6B2-797A75EEB8C2}.Debug|Any CPU.Build.0 = Debug|Any CPU
		{5E601949-9B7E-4146-A6B2-797A75EEB8C2}.Release|Any CPU.ActiveCfg = Release|Any CPU
		{5E601949-9B7E-4146-A6B2-797A75EEB8C2}.Release|Any CPU.Build.0 = Release|Any CPU
		{3767CF96-9083-47CC-94B1-D9915168D044}.Debug|Any CPU.ActiveCfg = Debug|Any CPU
		{3767CF96-9083-47CC-94B1-D9915168D044}.Debug|Any CPU.Build.0 = Debug|Any CPU
		{3767CF96-9083-47CC-94B1-D9915168D044}.Release|Any CPU.ActiveCfg = Release|Any CPU
		{3767CF96-9083-47CC-94B1-D9915168D044}.Release|Any CPU.Build.0 = Release|Any CPU
	EndGlobalSection
	GlobalSection(SolutionProperties) = preSolution
		HideSolutionNode = FALSE
	EndGlobalSection
	GlobalSection(ExtensibilityGlobals) = postSolution
		SolutionGuid = {03782811-361A-4448-81D1-57BFC3815355}
	EndGlobalSection
EndGlobal
